
Microsoft Visual Studio Solution File, Format Version 12.00
# Visual Studio 2017
Project("{FAE04EC0-301F-11D3-BF4B-00C04F79EFBC}") = "Augmented reality fighter game", "Augmented reality fighter game.csproj", "{4C693A54-ACDA-45CD-2765-DDD079C4D767}"
EndProject
Project("{FAE04EC0-301F-11D3-BF4B-00C04F79EFBC}") = "Augmented reality fighter game.Editor", "Augmented reality fighter game.Editor.csproj", "{A3400AE0-7FAC-AE59-AB79-C21B62EE9C8E}"
EndProject
Global
	GlobalSection(SolutionConfigurationPlatforms) = preSolution
		Debug|Any CPU = Debug|Any CPU
		Release|Any CPU = Release|Any CPU
	EndGlobalSection
	GlobalSection(ProjectConfigurationPlatforms) = postSolution
		{4C693A54-ACDA-45CD-2765-DDD079C4D767}.Debug|Any CPU.ActiveCfg = Debug|Any CPU
		{4C693A54-ACDA-45CD-2765-DDD079C4D767}.Debug|Any CPU.Build.0 = Debug|Any CPU
		{4C693A54-ACDA-45CD-2765-DDD079C4D767}.Release|Any CPU.ActiveCfg = Release|Any CPU
		{4C693A54-ACDA-45CD-2765-DDD079C4D767}.Release|Any CPU.Build.0 = Release|Any CPU
		{A3400AE0-7FAC-AE59-AB79-C21B62EE9C8E}.Debug|Any CPU.ActiveCfg = Debug|Any CPU
		{A3400AE0-7FAC-AE59-AB79-C21B62EE9C8E}.Debug|Any CPU.Build.0 = Debug|Any CPU
		{A3400AE0-7FAC-AE59-AB79-C21B62EE9C8E}.Release|Any CPU.ActiveCfg = Release|Any CPU
		{A3400AE0-7FAC-AE59-AB79-C21B62EE9C8E}.Release|Any CPU.Build.0 = Release|Any CPU
	EndGlobalSection
	GlobalSection(SolutionProperties) = preSolution
		HideSolutionNode = FALSE
	EndGlobalSection
EndGlobal
