
Microsoft Visual Studio Solution File, Format Version 12.00
# Visual Studio 2017
Project("{FAE04EC0-301F-11D3-BF4B-00C04F79EFBC}") = "Vr360Photos", "Vr360Photos.csproj", "{3B362FA5-7E52-1EDB-1FE1-A321F6F70008}"
EndProject
Global
	GlobalSection(SolutionConfigurationPlatforms) = preSolution
		Debug|Any CPU = Debug|Any CPU
		Release|Any CPU = Release|Any CPU
	EndGlobalSection
	GlobalSection(ProjectConfigurationPlatforms) = postSolution
		{3B362FA5-7E52-1EDB-1FE1-A321F6F70008}.Debug|Any CPU.ActiveCfg = Debug|Any CPU
		{3B362FA5-7E52-1EDB-1FE1-A321F6F70008}.Debug|Any CPU.Build.0 = Debug|Any CPU
		{3B362FA5-7E52-1EDB-1FE1-A321F6F70008}.Release|Any CPU.ActiveCfg = Release|Any CPU
		{3B362FA5-7E52-1EDB-1FE1-A321F6F70008}.Release|Any CPU.Build.0 = Release|Any CPU
	EndGlobalSection
	GlobalSection(SolutionProperties) = preSolution
		HideSolutionNode = FALSE
	EndGlobalSection
EndGlobal
