
Microsoft Visual Studio Solution File, Format Version 12.00
# Visual Studio 2017
Project("{FAE04EC0-301F-11D3-BF4B-00C04F79EFBC}") = "Vr 360 videos quiz", "Vr 360 videos quiz.csproj", "{C796810C-B18F-0BF5-D83A-7F1C140CBC3F}"
EndProject
Global
	GlobalSection(SolutionConfigurationPlatforms) = preSolution
		Debug|Any CPU = Debug|Any CPU
		Release|Any CPU = Release|Any CPU
	EndGlobalSection
	GlobalSection(ProjectConfigurationPlatforms) = postSolution
		{C796810C-B18F-0BF5-D83A-7F1C140CBC3F}.Debug|Any CPU.ActiveCfg = Debug|Any CPU
		{C796810C-B18F-0BF5-D83A-7F1C140CBC3F}.Debug|Any CPU.Build.0 = Debug|Any CPU
		{C796810C-B18F-0BF5-D83A-7F1C140CBC3F}.Release|Any CPU.ActiveCfg = Release|Any CPU
		{C796810C-B18F-0BF5-D83A-7F1C140CBC3F}.Release|Any CPU.Build.0 = Release|Any CPU
	EndGlobalSection
	GlobalSection(SolutionProperties) = preSolution
		HideSolutionNode = FALSE
	EndGlobalSection
EndGlobal
