
Microsoft Visual Studio Solution File, Format Version 12.00
# Visual Studio 2017
Project("{FAE04EC0-301F-11D3-BF4B-00C04F79EFBC}") = "Vr Fittness Game", "Vr Fittness Game.csproj", "{014DB85F-BF28-6FE0-4C97-DDC121561802}"
EndProject
Project("{FAE04EC0-301F-11D3-BF4B-00C04F79EFBC}") = "Vr Fittness Game.Plugins", "Vr Fittness Game.Plugins.csproj", "{12D6EF82-DB0B-CDFB-E9A1-8D9A676D015E}"
EndProject
Global
	GlobalSection(SolutionConfigurationPlatforms) = preSolution
		Debug|Any CPU = Debug|Any CPU
		Release|Any CPU = Release|Any CPU
	EndGlobalSection
	GlobalSection(ProjectConfigurationPlatforms) = postSolution
		{014DB85F-BF28-6FE0-4C97-DDC121561802}.Debug|Any CPU.ActiveCfg = Debug|Any CPU
		{014DB85F-BF28-6FE0-4C97-DDC121561802}.Debug|Any CPU.Build.0 = Debug|Any CPU
		{014DB85F-BF28-6FE0-4C97-DDC121561802}.Release|Any CPU.ActiveCfg = Release|Any CPU
		{014DB85F-BF28-6FE0-4C97-DDC121561802}.Release|Any CPU.Build.0 = Release|Any CPU
		{12D6EF82-DB0B-CDFB-E9A1-8D9A676D015E}.Debug|Any CPU.ActiveCfg = Debug|Any CPU
		{12D6EF82-DB0B-CDFB-E9A1-8D9A676D015E}.Debug|Any CPU.Build.0 = Debug|Any CPU
		{12D6EF82-DB0B-CDFB-E9A1-8D9A676D015E}.Release|Any CPU.ActiveCfg = Release|Any CPU
		{12D6EF82-DB0B-CDFB-E9A1-8D9A676D015E}.Release|Any CPU.Build.0 = Release|Any CPU
	EndGlobalSection
	GlobalSection(SolutionProperties) = preSolution
		HideSolutionNode = FALSE
	EndGlobalSection
EndGlobal
